// !$*UTF8*$!
{
	archiveVersion = 1;
	classes = {
	};
	objectVersion = 50;
	objects = {

/* Begin PBXBuildFile section */
		770B7CE724064F1A00C25197 /* AppDelegate.swift in Sources */ = {isa = PBXBuildFile; fileRef = 770B7CE624064F1A00C25197 /* AppDelegate.swift */; };
		770B7CE924064F1A00C25197 /* SceneDelegate.swift in Sources */ = {isa = PBXBuildFile; fileRef = 770B7CE824064F1A00C25197 /* SceneDelegate.swift */; };
		770B7CF024064F1B00C25197 /* Assets.xcassets in Resources */ = {isa = PBXBuildFile; fileRef = 770B7CEF24064F1B00C25197 /* Assets.xcassets */; };
		770B7CF324064F1B00C25197 /* LaunchScreen.storyboard in Resources */ = {isa = PBXBuildFile; fileRef = 770B7CF124064F1B00C25197 /* LaunchScreen.storyboard */; };
		770B7CFE2407144900C25197 /* UIViewControllerExtensions.swift in Sources */ = {isa = PBXBuildFile; fileRef = 770B7CFD2407144900C25197 /* UIViewControllerExtensions.swift */; };
		770B7D0924071CA100C25197 /* HabitsTableViewController.swift in Sources */ = {isa = PBXBuildFile; fileRef = 770B7D0724071CA100C25197 /* HabitsTableViewController.swift */; };
		770B7D0A24071CA100C25197 /* HabitsTableViewController.xib in Resources */ = {isa = PBXBuildFile; fileRef = 770B7D0824071CA100C25197 /* HabitsTableViewController.xib */; };
/* End PBXBuildFile section */

/* Begin PBXFileReference section */
		770B7CE324064F1A00C25197 /* Hebitual.app */ = {isa = PBXFileReference; explicitFileType = wrapper.application; includeInIndex = 0; path = Hebitual.app; sourceTree = BUILT_PRODUCTS_DIR; };
		770B7CE624064F1A00C25197 /* AppDelegate.swift */ = {isa = PBXFileReference; lastKnownFileType = sourcecode.swift; path = AppDelegate.swift; sourceTree = "<group>"; };
		770B7CE824064F1A00C25197 /* SceneDelegate.swift */ = {isa = PBXFileReference; lastKnownFileType = sourcecode.swift; path = SceneDelegate.swift; sourceTree = "<group>"; };
		770B7CEF24064F1B00C25197 /* Assets.xcassets */ = {isa = PBXFileReference; lastKnownFileType = folder.assetcatalog; path = Assets.xcassets; sourceTree = "<group>"; };
		770B7CF224064F1B00C25197 /* Base */ = {isa = PBXFileReference; lastKnownFileType = file.storyboard; name = Base; path = Base.lproj/LaunchScreen.storyboard; sourceTree = "<group>"; };
		770B7CF424064F1B00C25197 /* Info.plist */ = {isa = PBXFileReference; lastKnownFileType = text.plist.xml; path = Info.plist; sourceTree = "<group>"; };
		770B7CFD2407144900C25197 /* UIViewControllerExtensions.swift */ = {isa = PBXFileReference; lastKnownFileType = sourcecode.swift; path = UIViewControllerExtensions.swift; sourceTree = "<group>"; };
		770B7D0724071CA100C25197 /* HabitsTableViewController.swift */ = {isa = PBXFileReference; lastKnownFileType = sourcecode.swift; path = HabitsTableViewController.swift; sourceTree = "<group>"; };
		770B7D0824071CA100C25197 /* HabitsTableViewController.xib */ = {isa = PBXFileReference; lastKnownFileType = file.xib; path = HabitsTableViewController.xib; sourceTree = "<group>"; };
/* End PBXFileReference section */

/* Begin PBXFrameworksBuildPhase section */
		770B7CE024064F1A00C25197 /* Frameworks */ = {
			isa = PBXFrameworksBuildPhase;
			buildActionMask = 2147483647;
			files = (
			);
			runOnlyForDeploymentPostprocessing = 0;
		};
/* End PBXFrameworksBuildPhase section */

/* Begin PBXGroup section */
		770B7CDA24064F1A00C25197 = {
			isa = PBXGroup;
			children = (
				770B7CE524064F1A00C25197 /* Hebitual */,
				770B7CE424064F1A00C25197 /* Products */,
			);
			sourceTree = "<group>";
		};
		770B7CE424064F1A00C25197 /* Products */ = {
			isa = PBXGroup;
			children = (
				770B7CE324064F1A00C25197 /* Hebitual.app */,
			);
			name = Products;
			sourceTree = "<group>";
		};
		770B7CE524064F1A00C25197 /* Hebitual */ = {
			isa = PBXGroup;
			children = (
				770B7CE624064F1A00C25197 /* AppDelegate.swift */,
				770B7CE824064F1A00C25197 /* SceneDelegate.swift */,
				770B7CFC2407143A00C25197 /* Extensions */,
				770B7CFA240713CA00C25197 /* ViewControllers  */,
				770B7CFB240713E900C25197 /* Views */,
				770B7CEF24064F1B00C25197 /* Assets.xcassets */,
				770B7CF124064F1B00C25197 /* LaunchScreen.storyboard */,
				770B7CF424064F1B00C25197 /* Info.plist */,
			);
			path = Hebitual;
			sourceTree = "<group>";
		};
		770B7CFA240713CA00C25197 /* ViewControllers  */ = {
			isa = PBXGroup;
			children = (
				770B7D0724071CA100C25197 /* HabitsTableViewController.swift */,
			);
			path = "ViewControllers ";
			sourceTree = "<group>";
		};
		770B7CFB240713E900C25197 /* Views */ = {
			isa = PBXGroup;
			children = (
				770B7D0824071CA100C25197 /* HabitsTableViewController.xib */,
			);
			path = Views;
			sourceTree = "<group>";
		};
		770B7CFC2407143A00C25197 /* Extensions */ = {
			isa = PBXGroup;
			children = (
				770B7CFD2407144900C25197 /* UIViewControllerExtensions.swift */,
			);
			path = Extensions;
			sourceTree = "<group>";
		};
/* End PBXGroup section */

/* Begin PBXNativeTarget section */
		770B7CE224064F1A00C25197 /* Hebitual */ = {
			isa = PBXNativeTarget;
			buildConfigurationList = 770B7CF724064F1B00C25197 /* Build configuration list for PBXNativeTarget "Hebitual" */;
			buildPhases = (
				770B7CDF24064F1A00C25197 /* Sources */,
				770B7CE024064F1A00C25197 /* Frameworks */,
				770B7CE124064F1A00C25197 /* Resources */,
			);
			buildRules = (
			);
			dependencies = (
			);
			name = Hebitual;
			productName = Hebitual;
			productReference = 770B7CE324064F1A00C25197 /* Hebitual.app */;
			productType = "com.apple.product-type.application";
		};
/* End PBXNativeTarget section */

/* Begin PBXProject section */
		770B7CDB24064F1A00C25197 /* Project object */ = {
			isa = PBXProject;
			attributes = {
				LastSwiftUpdateCheck = 1130;
				LastUpgradeCheck = 1130;
				ORGANIZATIONNAME = "Mo Drame";
				TargetAttributes = {
					770B7CE224064F1A00C25197 = {
						CreatedOnToolsVersion = 11.3.1;
					};
				};
			};
			buildConfigurationList = 770B7CDE24064F1A00C25197 /* Build configuration list for PBXProject "Hebitual" */;
			compatibilityVersion = "Xcode 9.3";
			developmentRegion = en;
			hasScannedForEncodings = 0;
			knownRegions = (
				en,
				Base,
			);
			mainGroup = 770B7CDA24064F1A00C25197;
			productRefGroup = 770B7CE424064F1A00C25197 /* Products */;
			projectDirPath = "";
			projectRoot = "";
			targets = (
				770B7CE224064F1A00C25197 /* Hebitual */,
			);
		};
/* End PBXProject section */

/* Begin PBXResourcesBuildPhase section */
		770B7CE124064F1A00C25197 /* Resources */ = {
			isa = PBXResourcesBuildPhase;
			buildActionMask = 2147483647;
			files = (
				770B7D0A24071CA100C25197 /* HabitsTableViewController.xib in Resources */,
				770B7CF324064F1B00C25197 /* LaunchScreen.storyboard in Resources */,
				770B7CF024064F1B00C25197 /* Assets.xcassets in Resources */,
			);
			runOnlyForDeploymentPostprocessing = 0;
		};
/* End PBXResourcesBuildPhase section */

/* Begin PBXSourcesBuildPhase section */
		770B7CDF24064F1A00C25197 /* Sources */ = {
			isa = PBXSourcesBuildPhase;
			buildActionMask = 2147483647;
			files = (
				770B7D0924071CA100C25197 /* HabitsTableViewController.swift in Sources */,
				770B7CFE2407144900C25197 /* UIViewControllerExtensions.swift in Sources */,
				770B7CE724064F1A00C25197 /* AppDelegate.swift in Sources */,
				770B7CE924064F1A00C25197 /* SceneDelegate.swift in Sources */,
			);
			runOnlyForDeploymentPostprocessing = 0;
		};
/* End PBXSourcesBuildPhase section */

/* Begin PBXVariantGroup section */
		770B7CF124064F1B00C25197 /* LaunchScreen.storyboard */ = {
			isa = PBXVariantGroup;
			children = (
				770B7CF224064F1B00C25197 /* Base */,
			);
			name = LaunchScreen.storyboard;
			sourceTree = "<group>";
		};
/* End PBXVariantGroup section */

/* Begin XCBuildConfiguration section */
		770B7CF524064F1B00C25197 /* Debug */ = {
			isa = XCBuildConfiguration;
			buildSettings = {
				ALWAYS_SEARCH_USER_PATHS = NO;
				CLANG_ANALYZER_NONNULL = YES;
				CLANG_ANALYZER_NUMBER_OBJECT_CONVERSION = YES_AGGRESSIVE;
				CLANG_CXX_LANGUAGE_STANDARD = "gnu++14";
				CLANG_CXX_LIBRARY = "libc++";
				CLANG_ENABLE_MODULES = YES;
				CLANG_ENABLE_OBJC_ARC = YES;
				CLANG_ENABLE_OBJC_WEAK = YES;
				CLANG_WARN_BLOCK_CAPTURE_AUTORELEASING = YES;
				CLANG_WARN_BOOL_CONVERSION = YES;
				CLANG_WARN_COMMA = YES;
				CLANG_WARN_CONSTANT_CONVERSION = YES;
				CLANG_WARN_DEPRECATED_OBJC_IMPLEMENTATIONS = YES;
				CLANG_WARN_DIRECT_OBJC_ISA_USAGE = YES_ERROR;
				CLANG_WARN_DOCUMENTATION_COMMENTS = YES;
				CLANG_WARN_EMPTY_BODY = YES;
				CLANG_WARN_ENUM_CONVERSION = YES;
				CLANG_WARN_INFINITE_RECURSION = YES;
				CLANG_WARN_INT_CONVERSION = YES;
				CLANG_WARN_NON_LITERAL_NULL_CONVERSION = YES;
				CLANG_WARN_OBJC_IMPLICIT_RETAIN_SELF = YES;
				CLANG_WARN_OBJC_LITERAL_CONVERSION = YES;
				CLANG_WARN_OBJC_ROOT_CLASS = YES_ERROR;
				CLANG_WARN_RANGE_LOOP_ANALYSIS = YES;
				CLANG_WARN_STRICT_PROTOTYPES = YES;
				CLANG_WARN_SUSPICIOUS_MOVE = YES;
				CLANG_WARN_UNGUARDED_AVAILABILITY = YES_AGGRESSIVE;
				CLANG_WARN_UNREACHABLE_CODE = YES;
				CLANG_WARN__DUPLICATE_METHOD_MATCH = YES;
				COPY_PHASE_STRIP = NO;
				DEBUG_INFORMATION_FORMAT = dwarf;
				ENABLE_STRICT_OBJC_MSGSEND = YES;
				ENABLE_TESTABILITY = YES;
				GCC_C_LANGUAGE_STANDARD = gnu11;
				GCC_DYNAMIC_NO_PIC = NO;
				GCC_NO_COMMON_BLOCKS = YES;
				GCC_OPTIMIZATION_LEVEL = 0;
				GCC_PREPROCESSOR_DEFINITIONS = (
					"DEBUG=1",
					"$(inherited)",
				);
				GCC_WARN_64_TO_32_BIT_CONVERSION = YES;
				GCC_WARN_ABOUT_RETURN_TYPE = YES_ERROR;
				GCC_WARN_UNDECLARED_SELECTOR = YES;
				GCC_WARN_UNINITIALIZED_AUTOS = YES_AGGRESSIVE;
				GCC_WARN_UNUSED_FUNCTION = YES;
				GCC_WARN_UNUSED_VARIABLE = YES;
				IPHONEOS_DEPLOYMENT_TARGET = 13.2;
				MTL_ENABLE_DEBUG_INFO = INCLUDE_SOURCE;
				MTL_FAST_MATH = YES;
				ONLY_ACTIVE_ARCH = YES;
				SDKROOT = iphoneos;
				SWIFT_ACTIVE_COMPILATION_CONDITIONS = DEBUG;
				SWIFT_OPTIMIZATION_LEVEL = "-Onone";
			};
			name = Debug;
		};
		770B7CF624064F1B00C25197 /* Release */ = {
			isa = XCBuildConfiguration;
			buildSettings = {
				ALWAYS_SEARCH_USER_PATHS = NO;
				CLANG_ANALYZER_NONNULL = YES;
				CLANG_ANALYZER_NUMBER_OBJECT_CONVERSION = YES_AGGRESSIVE;
				CLANG_CXX_LANGUAGE_STANDARD = "gnu++14";
				CLANG_CXX_LIBRARY = "libc++";
				CLANG_ENABLE_MODULES = YES;
				CLANG_ENABLE_OBJC_ARC = YES;
				CLANG_ENABLE_OBJC_WEAK = YES;
				CLANG_WARN_BLOCK_CAPTURE_AUTORELEASING = YES;
				CLANG_WARN_BOOL_CONVERSION = YES;
				CLANG_WARN_COMMA = YES;
				CLANG_WARN_CONSTANT_CONVERSION = YES;
				CLANG_WARN_DEPRECATED_OBJC_IMPLEMENTATIONS = YES;
				CLANG_WARN_DIRECT_OBJC_ISA_USAGE = YES_ERROR;
				CLANG_WARN_DOCUMENTATION_COMMENTS = YES;
				CLANG_WARN_EMPTY_BODY = YES;
				CLANG_WARN_ENUM_CONVERSION = YES;
				CLANG_WARN_INFINITE_RECURSION = YES;
				CLANG_WARN_INT_CONVERSION = YES;
				CLANG_WARN_NON_LITERAL_NULL_CONVERSION = YES;
				CLANG_WARN_OBJC_IMPLICIT_RETAIN_SELF = YES;
				CLANG_WARN_OBJC_LITERAL_CONVERSION = YES;
				CLANG_WARN_OBJC_ROOT_CLASS = YES_ERROR;
				CLANG_WARN_RANGE_LOOP_ANALYSIS = YES;
				CLANG_WARN_STRICT_PROTOTYPES = YES;
				CLANG_WARN_SUSPICIOUS_MOVE = YES;
				CLANG_WARN_UNGUARDED_AVAILABILITY = YES_AGGRESSIVE;
				CLANG_WARN_UNREACHABLE_CODE = YES;
				CLANG_WARN__DUPLICATE_METHOD_MATCH = YES;
				COPY_PHASE_STRIP = NO;
				DEBUG_INFORMATION_FORMAT = "dwarf-with-dsym";
				ENABLE_NS_ASSERTIONS = NO;
				ENABLE_STRICT_OBJC_MSGSEND = YES;
				GCC_C_LANGUAGE_STANDARD = gnu11;
				GCC_NO_COMMON_BLOCKS = YES;
				GCC_WARN_64_TO_32_BIT_CONVERSION = YES;
				GCC_WARN_ABOUT_RETURN_TYPE = YES_ERROR;
				GCC_WARN_UNDECLARED_SELECTOR = YES;
				GCC_WARN_UNINITIALIZED_AUTOS = YES_AGGRESSIVE;
				GCC_WARN_UNUSED_FUNCTION = YES;
				GCC_WARN_UNUSED_VARIABLE = YES;
				IPHONEOS_DEPLOYMENT_TARGET = 13.2;
				MTL_ENABLE_DEBUG_INFO = NO;
				MTL_FAST_MATH = YES;
				SDKROOT = iphoneos;
				SWIFT_COMPILATION_MODE = wholemodule;
				SWIFT_OPTIMIZATION_LEVEL = "-O";
				VALIDATE_PRODUCT = YES;
			};
			name = Release;
		};
		770B7CF824064F1B00C25197 /* Debug */ = {
			isa = XCBuildConfiguration;
			buildSettings = {
				ASSETCATALOG_COMPILER_APPICON_NAME = AppIcon;
				CODE_SIGN_STYLE = Automatic;
				DEVELOPMENT_TEAM = 6AY5G84ET7;
				INFOPLIST_FILE = Hebitual/Info.plist;
				LD_RUNPATH_SEARCH_PATHS = (
					"$(inherited)",
					"@executable_path/Frameworks",
				);
				PRODUCT_BUNDLE_IDENTIFIER = com.modrame.herokuapp.Hebitual;
				PRODUCT_NAME = "$(TARGET_NAME)";
				SWIFT_VERSION = 5.0;
				TARGETED_DEVICE_FAMILY = 1;
			};
			name = Debug;
		};
		770B7CF924064F1B00C25197 /* Release */ = {
			isa = XCBuildConfiguration;
			buildSettings = {
				ASSETCATALOG_COMPILER_APPICON_NAME = AppIcon;
				CODE_SIGN_STYLE = Automatic;
				DEVELOPMENT_TEAM = 6AY5G84ET7;
				INFOPLIST_FILE = Hebitual/Info.plist;
				LD_RUNPATH_SEARCH_PATHS = (
					"$(inherited)",
					"@executable_path/Frameworks",
				);
				PRODUCT_BUNDLE_IDENTIFIER = com.modrame.herokuapp.Hebitual;
				PRODUCT_NAME = "$(TARGET_NAME)";
				SWIFT_VERSION = 5.0;
				TARGETED_DEVICE_FAMILY = 1;
			};
			name = Release;
		};
/* End XCBuildConfiguration section */

/* Begin XCConfigurationList section */
		770B7CDE24064F1A00C25197 /* Build configuration list for PBXProject "Hebitual" */ = {
			isa = XCConfigurationList;
			buildConfigurations = (
				770B7CF524064F1B00C25197 /* Debug */,
				770B7CF624064F1B00C25197 /* Release */,
			);
			defaultConfigurationIsVisible = 0;
			defaultConfigurationName = Release;
		};
		770B7CF724064F1B00C25197 /* Build configuration list for PBXNativeTarget "Hebitual" */ = {
			isa = XCConfigurationList;
			buildConfigurations = (
				770B7CF824064F1B00C25197 /* Debug */,
				770B7CF924064F1B00C25197 /* Release */,
			);
			defaultConfigurationIsVisible = 0;
			defaultConfigurationName = Release;
		};
/* End XCConfigurationList section */
	};
	rootObject = 770B7CDB24064F1A00C25197 /* Project object */;
}
